
Microsoft Visual Studio Solution File, Format Version 12.00
# Visual Studio 2013
VisualStudioVersion = 12.0.31101.0
MinimumVisualStudioVersion = 10.0.40219.1
Project("{8BC9CEB8-8B4A-11D0-8D11-00A0C91BC942}") = "Vs_Test", "Vs_Test\Vs_Test.vcxproj", "{009D7AD5-0A6A-4D3B-A2F7-4A36E36137B5}"
EndProject
Global
	GlobalSection(SolutionConfigurationPlatforms) = preSolution
		Debug|Win32 = Debug|Win32
		Release|Win32 = Release|Win32
	EndGlobalSection
	GlobalSection(ProjectConfigurationPlatforms) = postSolution
		{009D7AD5-0A6A-4D3B-A2F7-4A36E36137B5}.Debug|Win32.ActiveCfg = Debug|Win32
		{009D7AD5-0A6A-4D3B-A2F7-4A36E36137B5}.Debug|Win32.Build.0 = Debug|Win32
		{009D7AD5-0A6A-4D3B-A2F7-4A36E36137B5}.Release|Win32.ActiveCfg = Release|Win32
		{009D7AD5-0A6A-4D3B-A2F7-4A36E36137B5}.Release|Win32.Build.0 = Release|Win32
	EndGlobalSection
	GlobalSection(SolutionProperties) = preSolution
		HideSolutionNode = FALSE
	EndGlobalSection
EndGlobal
